// !$*UTF8*$!
{
	archiveVersion = 1;
	classes = {
	};
	objectVersion = 46;
	objects = {

/* Begin PBXBuildFile section */
		8AB567F014E2B47B00FAC119 /* UIKit.framework in Frameworks */ = {isa = PBXBuildFile; fileRef = 8AB567EF14E2B47B00FAC119 /* UIKit.framework */; };
		8AB567F214E2B47B00FAC119 /* Foundation.framework in Frameworks */ = {isa = PBXBuildFile; fileRef = 8AB567F114E2B47B00FAC119 /* Foundation.framework */; };
		8AB567F414E2B47B00FAC119 /* CoreGraphics.framework in Frameworks */ = {isa = PBXBuildFile; fileRef = 8AB567F314E2B47B00FAC119 /* CoreGraphics.framework */; };
		8AB567F614E2B47B00FAC119 /* CoreData.framework in Frameworks */ = {isa = PBXBuildFile; fileRef = 8AB567F514E2B47B00FAC119 /* CoreData.framework */; };
		8AB567FC14E2B47B00FAC119 /* InfoPlist.strings in Resources */ = {isa = PBXBuildFile; fileRef = 8AB567FA14E2B47B00FAC119 /* InfoPlist.strings */; };
		8AB567FE14E2B47B00FAC119 /* main.m in Sources */ = {isa = PBXBuildFile; fileRef = 8AB567FD14E2B47B00FAC119 /* main.m */; };
		8AB5680214E2B47B00FAC119 /* AppDelegate.m in Sources */ = {isa = PBXBuildFile; fileRef = 8AB5680114E2B47B00FAC119 /* AppDelegate.m */; };
		8AB5680514E2B47B00FAC119 /* iTid.xcdatamodeld in Sources */ = {isa = PBXBuildFile; fileRef = 8AB5680314E2B47B00FAC119 /* iTid.xcdatamodeld */; };
		8AB5680D14E2B47B00FAC119 /* SenTestingKit.framework in Frameworks */ = {isa = PBXBuildFile; fileRef = 8AB5680C14E2B47B00FAC119 /* SenTestingKit.framework */; };
		8AB5680E14E2B47B00FAC119 /* UIKit.framework in Frameworks */ = {isa = PBXBuildFile; fileRef = 8AB567EF14E2B47B00FAC119 /* UIKit.framework */; };
		8AB5680F14E2B47B00FAC119 /* Foundation.framework in Frameworks */ = {isa = PBXBuildFile; fileRef = 8AB567F114E2B47B00FAC119 /* Foundation.framework */; };
		8AB5681014E2B47B00FAC119 /* CoreData.framework in Frameworks */ = {isa = PBXBuildFile; fileRef = 8AB567F514E2B47B00FAC119 /* CoreData.framework */; };
		8AB5681814E2B47B00FAC119 /* InfoPlist.strings in Resources */ = {isa = PBXBuildFile; fileRef = 8AB5681614E2B47B00FAC119 /* InfoPlist.strings */; };
		8AB5681B14E2B47B00FAC119 /* iTidTests.m in Sources */ = {isa = PBXBuildFile; fileRef = 8AB5681A14E2B47B00FAC119 /* iTidTests.m */; };
/* End PBXBuildFile section */

/* Begin PBXContainerItemProxy section */
		8AB5681114E2B47B00FAC119 /* PBXContainerItemProxy */ = {
			isa = PBXContainerItemProxy;
			containerPortal = 8AB567E214E2B47B00FAC119 /* Project object */;
			proxyType = 1;
			remoteGlobalIDString = 8AB567EA14E2B47B00FAC119;
			remoteInfo = iTid;
		};
/* End PBXContainerItemProxy section */

/* Begin PBXFileReference section */
		8AB567EB14E2B47B00FAC119 /* iTid.app */ = {isa = PBXFileReference; explicitFileType = wrapper.application; includeInIndex = 0; path = iTid.app; sourceTree = BUILT_PRODUCTS_DIR; };
		8AB567EF14E2B47B00FAC119 /* UIKit.framework */ = {isa = PBXFileReference; lastKnownFileType = wrapper.framework; name = UIKit.framework; path = System/Library/Frameworks/UIKit.framework; sourceTree = SDKROOT; };
		8AB567F114E2B47B00FAC119 /* Foundation.framework */ = {isa = PBXFileReference; lastKnownFileType = wrapper.framework; name = Foundation.framework; path = System/Library/Frameworks/Foundation.framework; sourceTree = SDKROOT; };
		8AB567F314E2B47B00FAC119 /* CoreGraphics.framework */ = {isa = PBXFileReference; lastKnownFileType = wrapper.framework; name = CoreGraphics.framework; path = System/Library/Frameworks/CoreGraphics.framework; sourceTree = SDKROOT; };
		8AB567F514E2B47B00FAC119 /* CoreData.framework */ = {isa = PBXFileReference; lastKnownFileType = wrapper.framework; name = CoreData.framework; path = System/Library/Frameworks/CoreData.framework; sourceTree = SDKROOT; };
		8AB567F914E2B47B00FAC119 /* iTid-Info.plist */ = {isa = PBXFileReference; path = "iTid-Info.plist"; sourceTree = "<group>"; };
		8AB567FB14E2B47B00FAC119 /* en */ = {isa = PBXFileReference; lastKnownFileType = text.plist.strings; name = en; path = en.lproj/InfoPlist.strings; sourceTree = "<group>"; };
		8AB567FD14E2B47B00FAC119 /* main.m */ = {isa = PBXFileReference; lastKnownFileType = sourcecode.c.objc; path = main.m; sourceTree = "<group>"; };
		8AB567FF14E2B47B00FAC119 /* iTid-Prefix.pch */ = {isa = PBXFileReference; path = "iTid-Prefix.pch"; sourceTree = "<group>"; };
		8AB5680014E2B47B00FAC119 /* AppDelegate.h */ = {isa = PBXFileReference; path = AppDelegate.h; sourceTree = "<group>"; };
		8AB5680114E2B47B00FAC119 /* AppDelegate.m */ = {isa = PBXFileReference; lastKnownFileType = sourcecode.c.objc; path = AppDelegate.m; sourceTree = "<group>"; };
		8AB5680414E2B47B00FAC119 /* iTid.xcdatamodel */ = {isa = PBXFileReference; lastKnownFileType = wrapper.xcdatamodel; path = iTid.xcdatamodel; sourceTree = "<group>"; };
		8AB5680B14E2B47B00FAC119 /* iTidTests.octest */ = {isa = PBXFileReference; explicitFileType = wrapper.cfbundle; includeInIndex = 0; path = iTidTests.octest; sourceTree = BUILT_PRODUCTS_DIR; };
		8AB5680C14E2B47B00FAC119 /* SenTestingKit.framework */ = {isa = PBXFileReference; lastKnownFileType = wrapper.framework; name = SenTestingKit.framework; path = Library/Frameworks/SenTestingKit.framework; sourceTree = DEVELOPER_DIR; };
		8AB5681514E2B47B00FAC119 /* iTidTests-Info.plist */ = {isa = PBXFileReference; path = "iTidTests-Info.plist"; sourceTree = "<group>"; };
		8AB5681714E2B47B00FAC119 /* en */ = {isa = PBXFileReference; lastKnownFileType = text.plist.strings; name = en; path = en.lproj/InfoPlist.strings; sourceTree = "<group>"; };
		8AB5681914E2B47B00FAC119 /* iTidTests.h */ = {isa = PBXFileReference; path = iTidTests.h; sourceTree = "<group>"; };
		8AB5681A14E2B47B00FAC119 /* iTidTests.m */ = {isa = PBXFileReference; lastKnownFileType = sourcecode.c.objc; path = iTidTests.m; sourceTree = "<group>"; };
/* End PBXFileReference section */

/* Begin PBXFrameworksBuildPhase section */
		8AB567E814E2B47B00FAC119 /* Frameworks */ = {
			isa = PBXFrameworksBuildPhase;
			buildActionMask = 2147483647;
			files = (
				8AB567F014E2B47B00FAC119 /* UIKit.framework in Frameworks */,
				8AB567F214E2B47B00FAC119 /* Foundation.framework in Frameworks */,
				8AB567F414E2B47B00FAC119 /* CoreGraphics.framework in Frameworks */,
				8AB567F614E2B47B00FAC119 /* CoreData.framework in Frameworks */,
			);
			runOnlyForDeploymentPostprocessing = 0;
		};
		8AB5680714E2B47B00FAC119 /* Frameworks */ = {
			isa = PBXFrameworksBuildPhase;
			buildActionMask = 2147483647;
			files = (
				8AB5680D14E2B47B00FAC119 /* SenTestingKit.framework in Frameworks */,
				8AB5680E14E2B47B00FAC119 /* UIKit.framework in Frameworks */,
				8AB5680F14E2B47B00FAC119 /* Foundation.framework in Frameworks */,
				8AB5681014E2B47B00FAC119 /* CoreData.framework in Frameworks */,
			);
			runOnlyForDeploymentPostprocessing = 0;
		};
/* End PBXFrameworksBuildPhase section */

/* Begin PBXGroup section */
		8AB567E014E2B47B00FAC119 = {
			isa = PBXGroup;
			children = (
				8AB567F714E2B47B00FAC119 /* iTid */,
				8AB5681314E2B47B00FAC119 /* iTidTests */,
				8AB567EE14E2B47B00FAC119 /* Frameworks */,
				8AB567EC14E2B47B00FAC119 /* Products */,
			);
			sourceTree = "<group>";
		};
		8AB567EC14E2B47B00FAC119 /* Products */ = {
			isa = PBXGroup;
			children = (
				8AB567EB14E2B47B00FAC119 /* iTid.app */,
				8AB5680B14E2B47B00FAC119 /* iTidTests.octest */,
			);
			name = Products;
			sourceTree = "<group>";
		};
		8AB567EE14E2B47B00FAC119 /* Frameworks */ = {
			isa = PBXGroup;
			children = (
				8AB567EF14E2B47B00FAC119 /* UIKit.framework */,
				8AB567F114E2B47B00FAC119 /* Foundation.framework */,
				8AB567F314E2B47B00FAC119 /* CoreGraphics.framework */,
				8AB567F514E2B47B00FAC119 /* CoreData.framework */,
				8AB5680C14E2B47B00FAC119 /* SenTestingKit.framework */,
			);
			name = Frameworks;
			sourceTree = "<group>";
		};
		8AB567F714E2B47B00FAC119 /* iTid */ = {
			isa = PBXGroup;
			children = (
				8AB5680014E2B47B00FAC119 /* AppDelegate.h */,
				8AB5680114E2B47B00FAC119 /* AppDelegate.m */,
				8AB5680314E2B47B00FAC119 /* iTid.xcdatamodeld */,
				8AB567F814E2B47B00FAC119 /* Supporting Files */,
			);
			path = iTid;
			sourceTree = "<group>";
		};
		8AB567F814E2B47B00FAC119 /* Supporting Files */ = {
			isa = PBXGroup;
			children = (
				8AB567F914E2B47B00FAC119 /* iTid-Info.plist */,
				8AB567FA14E2B47B00FAC119 /* InfoPlist.strings */,
				8AB567FD14E2B47B00FAC119 /* main.m */,
				8AB567FF14E2B47B00FAC119 /* iTid-Prefix.pch */,
			);
			name = "Supporting Files";
			sourceTree = "<group>";
		};
		8AB5681314E2B47B00FAC119 /* iTidTests */ = {
			isa = PBXGroup;
			children = (
				8AB5681914E2B47B00FAC119 /* iTidTests.h */,
				8AB5681A14E2B47B00FAC119 /* iTidTests.m */,
				8AB5681414E2B47B00FAC119 /* Supporting Files */,
			);
			path = iTidTests;
			sourceTree = "<group>";
		};
		8AB5681414E2B47B00FAC119 /* Supporting Files */ = {
			isa = PBXGroup;
			children = (
				8AB5681514E2B47B00FAC119 /* iTidTests-Info.plist */,
				8AB5681614E2B47B00FAC119 /* InfoPlist.strings */,
			);
			name = "Supporting Files";
			sourceTree = "<group>";
		};
/* End PBXGroup section */

/* Begin PBXNativeTarget section */
		8AB567EA14E2B47B00FAC119 /* iTid */ = {
			isa = PBXNativeTarget;
			buildConfigurationList = 8AB5681E14E2B47B00FAC119 /* Build configuration list for PBXNativeTarget "iTid" */;
			buildPhases = (
				8AB567E714E2B47B00FAC119 /* Sources */,
				8AB567E814E2B47B00FAC119 /* Frameworks */,
				8AB567E914E2B47B00FAC119 /* Resources */,
			);
			buildRules = (
			);
			dependencies = (
			);
			name = iTid;
			productName = iTid;
			productReference = 8AB567EB14E2B47B00FAC119 /* iTid.app */;
			productType = "com.apple.product-type.application";
		};
		8AB5680A14E2B47B00FAC119 /* iTidTests */ = {
			isa = PBXNativeTarget;
			buildConfigurationList = 8AB5682114E2B47B00FAC119 /* Build configuration list for PBXNativeTarget "iTidTests" */;
			buildPhases = (
				8AB5680614E2B47B00FAC119 /* Sources */,
				8AB5680714E2B47B00FAC119 /* Frameworks */,
				8AB5680814E2B47B00FAC119 /* Resources */,
				8AB5680914E2B47B00FAC119 /* ShellScript */,
			);
			buildRules = (
			);
			dependencies = (
				8AB5681214E2B47B00FAC119 /* PBXTargetDependency */,
			);
			name = iTidTests;
			productName = iTidTests;
			productReference = 8AB5680B14E2B47B00FAC119 /* iTidTests.octest */;
			productType = "com.apple.product-type.bundle";
		};
/* End PBXNativeTarget section */

/* Begin PBXProject section */
		8AB567E214E2B47B00FAC119 /* Project object */ = {
			isa = PBXProject;
			attributes = {
				LastUpgradeCheck = 0420;
				ORGANIZATIONNAME = "Hypno Abstract";
			};
			buildConfigurationList = 8AB567E514E2B47B00FAC119 /* Build configuration list for PBXProject "iTid" */;
			compatibilityVersion = "Xcode 3.2";
			developmentRegion = English;
			hasScannedForEncodings = 0;
			knownRegions = (
				en,
			);
			mainGroup = 8AB567E014E2B47B00FAC119;
			productRefGroup = 8AB567EC14E2B47B00FAC119 /* Products */;
			projectDirPath = "";
			projectRoot = "";
			targets = (
				8AB567EA14E2B47B00FAC119 /* iTid */,
				8AB5680A14E2B47B00FAC119 /* iTidTests */,
			);
		};
/* End PBXProject section */

/* Begin PBXResourcesBuildPhase section */
		8AB567E914E2B47B00FAC119 /* Resources */ = {
			isa = PBXResourcesBuildPhase;
			buildActionMask = 2147483647;
			files = (
				8AB567FC14E2B47B00FAC119 /* InfoPlist.strings in Resources */,
			);
			runOnlyForDeploymentPostprocessing = 0;
		};
		8AB5680814E2B47B00FAC119 /* Resources */ = {
			isa = PBXResourcesBuildPhase;
			buildActionMask = 2147483647;
			files = (
				8AB5681814E2B47B00FAC119 /* InfoPlist.strings in Resources */,
			);
			runOnlyForDeploymentPostprocessing = 0;
		};
/* End PBXResourcesBuildPhase section */

/* Begin PBXShellScriptBuildPhase section */
		8AB5680914E2B47B00FAC119 /* ShellScript */ = {
			isa = PBXShellScriptBuildPhase;
			buildActionMask = 2147483647;
			files = (
			);
			inputPaths = (
			);
			outputPaths = (
			);
			runOnlyForDeploymentPostprocessing = 0;
			shellPath = /bin/sh;
			shellScript = "# Run the unit tests in this test bundle.\n\"${SYSTEM_DEVELOPER_DIR}/Tools/RunUnitTests\"\n";
		};
/* End PBXShellScriptBuildPhase section */

/* Begin PBXSourcesBuildPhase section */
		8AB567E714E2B47B00FAC119 /* Sources */ = {
			isa = PBXSourcesBuildPhase;
			buildActionMask = 2147483647;
			files = (
				8AB567FE14E2B47B00FAC119 /* main.m in Sources */,
				8AB5680214E2B47B00FAC119 /* AppDelegate.m in Sources */,
				8AB5680514E2B47B00FAC119 /* iTid.xcdatamodeld in Sources */,
			);
			runOnlyForDeploymentPostprocessing = 0;
		};
		8AB5680614E2B47B00FAC119 /* Sources */ = {
			isa = PBXSourcesBuildPhase;
			buildActionMask = 2147483647;
			files = (
				8AB5681B14E2B47B00FAC119 /* iTidTests.m in Sources */,
			);
			runOnlyForDeploymentPostprocessing = 0;
		};
/* End PBXSourcesBuildPhase section */

/* Begin PBXTargetDependency section */
		8AB5681214E2B47B00FAC119 /* PBXTargetDependency */ = {
			isa = PBXTargetDependency;
			target = 8AB567EA14E2B47B00FAC119 /* iTid */;
			targetProxy = 8AB5681114E2B47B00FAC119 /* PBXContainerItemProxy */;
		};
/* End PBXTargetDependency section */

/* Begin PBXVariantGroup section */
		8AB567FA14E2B47B00FAC119 /* InfoPlist.strings */ = {
			isa = PBXVariantGroup;
			children = (
				8AB567FB14E2B47B00FAC119 /* en */,
			);
			name = InfoPlist.strings;
			sourceTree = "<group>";
		};
		8AB5681614E2B47B00FAC119 /* InfoPlist.strings */ = {
			isa = PBXVariantGroup;
			children = (
				8AB5681714E2B47B00FAC119 /* en */,
			);
			name = InfoPlist.strings;
			sourceTree = "<group>";
		};
/* End PBXVariantGroup section */

/* Begin XCBuildConfiguration section */
		8AB5681C14E2B47B00FAC119 /* Debug */ = {
			isa = XCBuildConfiguration;
			buildSettings = {
				ALWAYS_SEARCH_USER_PATHS = NO;
				ARCHS = "$(ARCHS_STANDARD_32_BIT)";
				CLANG_ENABLE_OBJC_ARC = YES;
				"CODE_SIGN_IDENTITY[sdk=iphoneos*]" = "iPhone Developer";
				COPY_PHASE_STRIP = NO;
				GCC_C_LANGUAGE_STANDARD = gnu99;
				GCC_DYNAMIC_NO_PIC = NO;
				GCC_OPTIMIZATION_LEVEL = 0;
				GCC_PREPROCESSOR_DEFINITIONS = (
					"DEBUG=1",
					"$(inherited)",
				);
				GCC_SYMBOLS_PRIVATE_EXTERN = NO;
				GCC_VERSION = com.apple.compilers.llvm.clang.1_0;
				GCC_WARN_ABOUT_MISSING_PROTOTYPES = YES;
				GCC_WARN_ABOUT_RETURN_TYPE = YES;
				GCC_WARN_UNUSED_VARIABLE = YES;
				IPHONEOS_DEPLOYMENT_TARGET = 5.0;
				SDKROOT = iphoneos;
				TARGETED_DEVICE_FAMILY = "1,2";
			};
			name = Debug;
		};
		8AB5681D14E2B47B00FAC119 /* Release */ = {
			isa = XCBuildConfiguration;
			buildSettings = {
				ALWAYS_SEARCH_USER_PATHS = NO;
				ARCHS = "$(ARCHS_STANDARD_32_BIT)";
				CLANG_ENABLE_OBJC_ARC = YES;
				"CODE_SIGN_IDENTITY[sdk=iphoneos*]" = "iPhone Developer";
				COPY_PHASE_STRIP = YES;
				GCC_C_LANGUAGE_STANDARD = gnu99;
				GCC_VERSION = com.apple.compilers.llvm.clang.1_0;
				GCC_WARN_ABOUT_MISSING_PROTOTYPES = YES;
				GCC_WARN_ABOUT_RETURN_TYPE = YES;
				GCC_WARN_UNUSED_VARIABLE = YES;
				IPHONEOS_DEPLOYMENT_TARGET = 5.0;
				OTHER_CFLAGS = "-DNS_BLOCK_ASSERTIONS=1";
				SDKROOT = iphoneos;
				TARGETED_DEVICE_FAMILY = "1,2";
				VALIDATE_PRODUCT = YES;
			};
			name = Release;
		};
		8AB5681F14E2B47B00FAC119 /* Debug */ = {
			isa = XCBuildConfiguration;
			buildSettings = {
				GCC_PRECOMPILE_PREFIX_HEADER = YES;
				GCC_PREFIX_HEADER = "iTid/iTid-Prefix.pch";
				INFOPLIST_FILE = "iTid/iTid-Info.plist";
				PRODUCT_NAME = "$(TARGET_NAME)";
				WRAPPER_EXTENSION = app;
			};
			name = Debug;
		};
		8AB5682014E2B47B00FAC119 /* Release */ = {
			isa = XCBuildConfiguration;
			buildSettings = {
				GCC_PRECOMPILE_PREFIX_HEADER = YES;
				GCC_PREFIX_HEADER = "iTid/iTid-Prefix.pch";
				INFOPLIST_FILE = "iTid/iTid-Info.plist";
				PRODUCT_NAME = "$(TARGET_NAME)";
				WRAPPER_EXTENSION = app;
			};
			name = Release;
		};
		8AB5682214E2B47B00FAC119 /* Debug */ = {
			isa = XCBuildConfiguration;
			buildSettings = {
				BUNDLE_LOADER = "$(BUILT_PRODUCTS_DIR)/iTid.app/iTid";
				FRAMEWORK_SEARCH_PATHS = (
					"$(SDKROOT)/Developer/Library/Frameworks",
					"$(DEVELOPER_LIBRARY_DIR)/Frameworks",
				);
				GCC_PRECOMPILE_PREFIX_HEADER = YES;
				GCC_PREFIX_HEADER = "iTid/iTid-Prefix.pch";
				INFOPLIST_FILE = "iTidTests/iTidTests-Info.plist";
				PRODUCT_NAME = "$(TARGET_NAME)";
				TEST_HOST = "$(BUNDLE_LOADER)";
				WRAPPER_EXTENSION = octest;
			};
			name = Debug;
		};
		8AB5682314E2B47B00FAC119 /* Release */ = {
			isa = XCBuildConfiguration;
			buildSettings = {
				BUNDLE_LOADER = "$(BUILT_PRODUCTS_DIR)/iTid.app/iTid";
				FRAMEWORK_SEARCH_PATHS = (
					"$(SDKROOT)/Developer/Library/Frameworks",
					"$(DEVELOPER_LIBRARY_DIR)/Frameworks",
				);
				GCC_PRECOMPILE_PREFIX_HEADER = YES;
				GCC_PREFIX_HEADER = "iTid/iTid-Prefix.pch";
				INFOPLIST_FILE = "iTidTests/iTidTests-Info.plist";
				PRODUCT_NAME = "$(TARGET_NAME)";
				TEST_HOST = "$(BUNDLE_LOADER)";
				WRAPPER_EXTENSION = octest;
			};
			name = Release;
		};
/* End XCBuildConfiguration section */

/* Begin XCConfigurationList section */
		8AB567E514E2B47B00FAC119 /* Build configuration list for PBXProject "iTid" */ = {
			isa = XCConfigurationList;
			buildConfigurations = (
				8AB5681C14E2B47B00FAC119 /* Debug */,
				8AB5681D14E2B47B00FAC119 /* Release */,
			);
			defaultConfigurationIsVisible = 0;
			defaultConfigurationName = Release;
		};
		8AB5681E14E2B47B00FAC119 /* Build configuration list for PBXNativeTarget "iTid" */ = {
			isa = XCConfigurationList;
			buildConfigurations = (
				8AB5681F14E2B47B00FAC119 /* Debug */,
				8AB5682014E2B47B00FAC119 /* Release */,
			);
			defaultConfigurationIsVisible = 0;
		};
		8AB5682114E2B47B00FAC119 /* Build configuration list for PBXNativeTarget "iTidTests" */ = {
			isa = XCConfigurationList;
			buildConfigurations = (
				8AB5682214E2B47B00FAC119 /* Debug */,
				8AB5682314E2B47B00FAC119 /* Release */,
			);
			defaultConfigurationIsVisible = 0;
		};
/* End XCConfigurationList section */

/* Begin XCVersionGroup section */
		8AB5680314E2B47B00FAC119 /* iTid.xcdatamodeld */ = {
			isa = XCVersionGroup;
			children = (
				8AB5680414E2B47B00FAC119 /* iTid.xcdatamodel */,
			);
			currentVersion = 8AB5680414E2B47B00FAC119 /* iTid.xcdatamodel */;
			path = iTid.xcdatamodeld;
			sourceTree = "<group>";
			versionGroupType = wrapper.xcdatamodel;
		};
/* End XCVersionGroup section */
	};
	rootObject = 8AB567E214E2B47B00FAC119 /* Project object */;
}
